
Microsoft Visual Studio Solution File, Format Version 12.00
# Visual Studio Version 16
VisualStudioVersion = 16.0.31205.134
MinimumVisualStudioVersion = 10.0.40219.1
Project("{9A19103F-16F7-4668-BE54-9A1E7A4F7556}") = "SWP_Uebung1_Singleton", "SWP\SWP_Uebung1_Singleton.csproj", "{FB18E999-2B0A-49C5-A758-9158992AEA91}"
EndProject
Project("{9A19103F-16F7-4668-BE54-9A1E7A4F7556}") = "SWP_Uebung2_Prototypes", "SWP_Uebung2_Prototypes\SWP_Uebung2_Prototypes.csproj", "{37A526D6-3249-45E7-9027-D02BBD81EEE7}"
EndProject
Global
	GlobalSection(SolutionConfigurationPlatforms) = preSolution
		Debug|Any CPU = Debug|Any CPU
		Release|Any CPU = Release|Any CPU
	EndGlobalSection
	GlobalSection(ProjectConfigurationPlatforms) = postSolution
		{FB18E999-2B0A-49C5-A758-9158992AEA91}.Debug|Any CPU.ActiveCfg = Debug|Any CPU
		{FB18E999-2B0A-49C5-A758-9158992AEA91}.Debug|Any CPU.Build.0 = Debug|Any CPU
		{FB18E999-2B0A-49C5-A758-9158992AEA91}.Release|Any CPU.ActiveCfg = Release|Any CPU
		{FB18E999-2B0A-49C5-A758-9158992AEA91}.Release|Any CPU.Build.0 = Release|Any CPU
		{37A526D6-3249-45E7-9027-D02BBD81EEE7}.Debug|Any CPU.ActiveCfg = Debug|Any CPU
		{37A526D6-3249-45E7-9027-D02BBD81EEE7}.Debug|Any CPU.Build.0 = Debug|Any CPU
		{37A526D6-3249-45E7-9027-D02BBD81EEE7}.Release|Any CPU.ActiveCfg = Release|Any CPU
		{37A526D6-3249-45E7-9027-D02BBD81EEE7}.Release|Any CPU.Build.0 = Release|Any CPU
	EndGlobalSection
	GlobalSection(SolutionProperties) = preSolution
		HideSolutionNode = FALSE
	EndGlobalSection
	GlobalSection(ExtensibilityGlobals) = postSolution
		SolutionGuid = {FEB43A04-7BCB-48B2-8BAF-619317612339}
	EndGlobalSection
EndGlobal
